hash: 5ee2b1bcf442f780c7000774aea726b9e7c2788dd91fbda169d92062465ccc89
updated: 2016-06-30T18:29:19.820581356+02:00
imports:
- name: github.com/BurntSushi/toml
  version: ba83ee3a2265bd64de129b0ad6f33f66061e90aa
- name: github.com/fsnotify/fsnotify
  version: ba83ee3a2265bd64de129b0ad6f33f66061e90aa
- name: github.com/go-sql-driver/mysql
  version: ba83ee3a2265bd64de129b0ad6f33f66061e90aa
- name: github.com/hashicorp/hcl
  version: ba83ee3a2265bd64de129b0ad6f33f66061e90aa
  subpackages:
  - hcl/ast
  - hcl/parser
  - hcl/token
  - json/parser
  - hcl/scanner
  - hcl/strconv
  - json/scanner
  - json/token
- name: github.com/inconshreveable/mousetrap
  version: ba83ee3a2265bd64de129b0ad6f33f66061e90aa
- name: github.com/jmoiron/sqlx
  version: ba83ee3a2265bd64de129b0ad6f33f66061e90aa
  subpackages:
  - reflectx
- name: github.com/jordan-wright/email
  version: fd703108daeb23d77c124d12978e9b6c4f28f034
- name: github.com/magiconair/properties
  version: ba83ee3a2265bd64de129b0ad6f33f66061e90aa
- name: github.com/mattn/go-runewidth
  version: ba83ee3a2265bd64de129b0ad6f33f66061e90aa
- name: github.com/mitchellh/mapstructure
  version: ba83ee3a2265bd64de129b0ad6f33f66061e90aa
- name: github.com/nsf/termbox-go
  version: ba83ee3a2265bd64de129b0ad6f33f66061e90aa
- name: github.com/spf13/cast
  version: ba83ee3a2265bd64de129b0ad6f33f66061e90aa
- name: github.com/spf13/cobra
  version: ba83ee3a2265bd64de129b0ad6f33f66061e90aa
- name: github.com/spf13/jwalterweatherman
  version: ba83ee3a2265bd64de129b0ad6f33f66061e90aa
- name: github.com/spf13/pflag
  version: ba83ee3a2265bd64de129b0ad6f33f66061e90aa
- name: github.com/spf13/viper
  version: ba83ee3a2265bd64de129b0ad6f33f66061e90aa
- name: github.com/tanji/mariadb-tools
  version: ba83ee3a2265bd64de129b0ad6f33f66061e90aa
  subpackages:
  - dbhelper
- name: golang.org/x/sys
  version: ba83ee3a2265bd64de129b0ad6f33f66061e90aa
  subpackages:
  - unix
- name: gopkg.in/yaml.v2
  version: ba83ee3a2265bd64de129b0ad6f33f66061e90aa
testImports: []
