{
  "requires": true,
  "lockfileVersion": 1,
  "dependencies": {
    "angular-material-data-table": {
      "version": "0.10.10",
      "resolved": "https://registry.npmjs.org/angular-material-data-table/-/angular-material-data-table-0.10.10.tgz",
      "integrity": "sha1-IptAJ0XsGhRvB9qNHlJr5lQISe4="
    }
  }
}
